Microsoft Visual Studio Solution File, Format Version 12.00
# Visual Studio Version 17
VisualStudioVersion = 17.13.35825.156
MinimumVisualStudioVersion = 10.0.40219.1
Project("{FAE04EC0-301F-11D3-BF4B-00C04F79EFBC}") = "MyPortfolio", "MyPortfolio\MyPortfolio.csproj", "{AA461E33-465A-40DC-8F56-5F6FED4DB5C8}"
EndProject
Global
	GlobalSection(SolutionConfigurationPlatforms) = preSolution
		Debug|Any CPU = Debug|Any CPU
		Release|Any CPU = Release|Any CPU
	EndGlobalSection
	GlobalSection(ProjectConfigurationPlatforms) = postSolution
		{AA461E33-465A-40DC-8F56-5F6FED4DB5C8}.Debug|Any CPU.ActiveCfg = Debug|Any CPU
		{AA461E33-465A-40DC-8F56-5F6FED4DB5C8}.Debug|Any CPU.Build.0 = Debug|Any CPU
		{AA461E33-465A-40DC-8F56-5F6FED4DB5C8}.Release|Any CPU.ActiveCfg = Release|Any CPU
		{AA461E33-465A-40DC-8F56-5F6FED4DB5C8}.Release|Any CPU.Build.0 = Release|Any CPU
	EndGlobalSection
	GlobalSection(SolutionProperties) = preSolution
		HideSolutionNode = FALSE
	EndGlobalSection
	GlobalSection(ExtensibilityGlobals) = postSolution
		SolutionGuid = {8EFC6E79-5B8E-4C6E-99C2-82BE86EF2242}
	EndGlobalSection
EndGlobal
